PODS:
  - Mediapiper (1.0.1):
    - MediaPipeTasksGenAI (= 0.10.18)
    - MediaPipeTasksGenAIC (= 0.10.18)
  - MediaPipeTasksGenAI (0.10.18):
    - MediaPipeTasksGenAIC (= 0.10.18)
  - MediaPipeTasksGenAIC (0.10.18)

DEPENDENCIES:
  - Mediapiper (from `../app`)

SPEC REPOS:
  trunk:
    - MediaPipeTasksGenAI
    - MediaPipeTasksGenAIC

EXTERNAL SOURCES:
  Mediapiper:
    :path: "../app"

SPEC CHECKSUMS:
  Mediapiper: b305eb683357df43379a3d6f9f830706a2e56a74
  MediaPipeTasksGenAI: e74c38e69e5cb385efc905d14ae7e9af365e69a7
  MediaPipeTasksGenAIC: 3f6db8973f1351e9258d294113f05e42e7f9eef1

PODFILE CHECKSUM: fb5292835e750a992d246cbe047046c4e4fdc625

COCOAPODS: 1.15.2
