PODS:
  - Mediapiper (1.0.2)
  - MediaPipeTasksCommon (0.10.16)
  - MediaPipeTasksVision (0.10.16):
    - MediaPipeTasksCommon (= 0.10.16)

DEPENDENCIES:
  - Mediapiper (from `../app`)
  - MediaPipeTasksVision

SPEC REPOS:
  trunk:
    - MediaPipeTasksCommon
    - MediaPipeTasksVision

EXTERNAL SOURCES:
  Mediapiper:
    :path: "../app"

SPEC CHECKSUMS:
  Mediapiper: ae758dccc19e8521ab145e0db2c1f5499680c73b
  MediaPipeTasksCommon: de15cf4f393854505fff28a8566fa2e85297f0e9
  MediaPipeTasksVision: 658206f3ddf63ccf582bb99599ec9cbde2ca31af

PODFILE CHECKSUM: f71073a872212f598f258353cde24acbde1cc208

COCOAPODS: 1.15.2
